{
  "originHash" : "32796c3022d35e3be339602ebbcc3fad42200744b7dd23ad1f6b43fa53131a3c",
  "pins" : [
    {
      "identity" : "keychain-swift",
      "kind" : "remoteSourceControl",
      "location" : "https://github.com/evgenyneu/keychain-swift",
      "state" : {
        "revision" : "5e1b02b6a9dac2a759a1d5dbc175c86bd192a608",
        "version" : "24.0.0"
      }
    },
    {
      "identity" : "swiftsoup",
      "kind" : "remoteSourceControl",
      "location" : "https://github.com/scinfu/SwiftSoup.git",
      "state" : {
        "revision" : "32f5aea5af25d4229f3b1a72d6ed0edb3a12a03b",
        "version" : "2.7.4"
      }
    }
  ],
  "version" : 3
}
